
Microsoft Visual Studio Solution File, Format Version 12.00
# Visual Studio Version 17
VisualStudioVersion = 17.7.34018.315
MinimumVisualStudioVersion = 10.0.40219.1
Project("{8BC9CEB8-8B4A-11D0-8D11-00A0C91BC942}") = "HelloTriangle", "HelloTriangle\HelloTriangle.vcxproj", "{3F23B48E-3041-4FE5-B835-CA98A457AA06}"
EndProject
Project("{8BC9CEB8-8B4A-11D0-8D11-00A0C91BC942}") = "HelloRectangle", "HelloRectangle\HelloRectangle.vcxproj", "{9683B161-3F31-47BB-B4BC-8416DFCC0A32}"
EndProject
Project("{8BC9CEB8-8B4A-11D0-8D11-00A0C91BC942}") = "TwoTrianglesWithMoreVertices", "TwoTrianglesWithMoreVertices\TwoTrianglesWithMoreVertices.vcxproj", "{81B78171-EC0E-4F3D-9516-68AC7B204E56}"
EndProject
Project("{8BC9CEB8-8B4A-11D0-8D11-00A0C91BC942}") = "TwoTrainglesWithDifferentVAOsAndVBOs", "TwoTrainglesWithDifferentVAOsAndVBOs\TwoTrainglesWithDifferentVAOsAndVBOs.vcxproj", "{A273A67C-529F-49FA-8DB6-7FAB18199009}"
EndProject
Project("{8BC9CEB8-8B4A-11D0-8D11-00A0C91BC942}") = "TwoTrianglesWithDifferentColors", "TwoTrianglesWithDifferentColors\TwoTrianglesWithDifferentColors.vcxproj", "{0F84CF59-BAE0-4B45-8E88-3227F1D0B0D1}"
EndProject
Project("{8BC9CEB8-8B4A-11D0-8D11-00A0C91BC942}") = "OpenGLInfo", "OpenGLInfo\OpenGLInfo.vcxproj", "{F86F6E9F-57B4-4B4F-8E1A-A0DA67BBE6AD}"
EndProject
Project("{8BC9CEB8-8B4A-11D0-8D11-00A0C91BC942}") = "GradualColorChange", "GradualColorChange\GradualColorChange.vcxproj", "{0EE650E3-2879-4D6F-8D46-7FDF3D0CCA31}"
EndProject
Project("{8BC9CEB8-8B4A-11D0-8D11-00A0C91BC942}") = "FragmentInterpolation", "FragmentInterpolation\FragmentInterpolation.vcxproj", "{0FED0704-8EA1-4A46-BAD4-53553A79BF5E}"
EndProject
Global
	GlobalSection(SolutionConfigurationPlatforms) = preSolution
		Debug|x64 = Debug|x64
		Debug|x86 = Debug|x86
		Release|x64 = Release|x64
		Release|x86 = Release|x86
	EndGlobalSection
	GlobalSection(ProjectConfigurationPlatforms) = postSolution
		{3F23B48E-3041-4FE5-B835-CA98A457AA06}.Debug|x64.ActiveCfg = Debug|x64
		{3F23B48E-3041-4FE5-B835-CA98A457AA06}.Debug|x64.Build.0 = Debug|x64
		{3F23B48E-3041-4FE5-B835-CA98A457AA06}.Debug|x86.ActiveCfg = Debug|Win32
		{3F23B48E-3041-4FE5-B835-CA98A457AA06}.Debug|x86.Build.0 = Debug|Win32
		{3F23B48E-3041-4FE5-B835-CA98A457AA06}.Release|x64.ActiveCfg = Release|x64
		{3F23B48E-3041-4FE5-B835-CA98A457AA06}.Release|x64.Build.0 = Release|x64
		{3F23B48E-3041-4FE5-B835-CA98A457AA06}.Release|x86.ActiveCfg = Release|Win32
		{3F23B48E-3041-4FE5-B835-CA98A457AA06}.Release|x86.Build.0 = Release|Win32
		{9683B161-3F31-47BB-B4BC-8416DFCC0A32}.Debug|x64.ActiveCfg = Debug|x64
		{9683B161-3F31-47BB-B4BC-8416DFCC0A32}.Debug|x64.Build.0 = Debug|x64
		{9683B161-3F31-47BB-B4BC-8416DFCC0A32}.Debug|x86.ActiveCfg = Debug|Win32
		{9683B161-3F31-47BB-B4BC-8416DFCC0A32}.Debug|x86.Build.0 = Debug|Win32
		{9683B161-3F31-47BB-B4BC-8416DFCC0A32}.Release|x64.ActiveCfg = Release|x64
		{9683B161-3F31-47BB-B4BC-8416DFCC0A32}.Release|x64.Build.0 = Release|x64
		{9683B161-3F31-47BB-B4BC-8416DFCC0A32}.Release|x86.ActiveCfg = Release|Win32
		{9683B161-3F31-47BB-B4BC-8416DFCC0A32}.Release|x86.Build.0 = Release|Win32
		{81B78171-EC0E-4F3D-9516-68AC7B204E56}.Debug|x64.ActiveCfg = Debug|x64
		{81B78171-EC0E-4F3D-9516-68AC7B204E56}.Debug|x64.Build.0 = Debug|x64
		{81B78171-EC0E-4F3D-9516-68AC7B204E56}.Debug|x86.ActiveCfg = Debug|Win32
		{81B78171-EC0E-4F3D-9516-68AC7B204E56}.Debug|x86.Build.0 = Debug|Win32
		{81B78171-EC0E-4F3D-9516-68AC7B204E56}.Release|x64.ActiveCfg = Release|x64
		{81B78171-EC0E-4F3D-9516-68AC7B204E56}.Release|x64.Build.0 = Release|x64
		{81B78171-EC0E-4F3D-9516-68AC7B204E56}.Release|x86.ActiveCfg = Release|Win32
		{81B78171-EC0E-4F3D-9516-68AC7B204E56}.Release|x86.Build.0 = Release|Win32
		{A273A67C-529F-49FA-8DB6-7FAB18199009}.Debug|x64.ActiveCfg = Debug|x64
		{A273A67C-529F-49FA-8DB6-7FAB18199009}.Debug|x64.Build.0 = Debug|x64
		{A273A67C-529F-49FA-8DB6-7FAB18199009}.Debug|x86.ActiveCfg = Debug|Win32
		{A273A67C-529F-49FA-8DB6-7FAB18199009}.Debug|x86.Build.0 = Debug|Win32
		{A273A67C-529F-49FA-8DB6-7FAB18199009}.Release|x64.ActiveCfg = Release|x64
		{A273A67C-529F-49FA-8DB6-7FAB18199009}.Release|x64.Build.0 = Release|x64
		{A273A67C-529F-49FA-8DB6-7FAB18199009}.Release|x86.ActiveCfg = Release|Win32
		{A273A67C-529F-49FA-8DB6-7FAB18199009}.Release|x86.Build.0 = Release|Win32
		{0F84CF59-BAE0-4B45-8E88-3227F1D0B0D1}.Debug|x64.ActiveCfg = Debug|x64
		{0F84CF59-BAE0-4B45-8E88-3227F1D0B0D1}.Debug|x64.Build.0 = Debug|x64
		{0F84CF59-BAE0-4B45-8E88-3227F1D0B0D1}.Debug|x86.ActiveCfg = Debug|Win32
		{0F84CF59-BAE0-4B45-8E88-3227F1D0B0D1}.Debug|x86.Build.0 = Debug|Win32
		{0F84CF59-BAE0-4B45-8E88-3227F1D0B0D1}.Release|x64.ActiveCfg = Release|x64
		{0F84CF59-BAE0-4B45-8E88-3227F1D0B0D1}.Release|x64.Build.0 = Release|x64
		{0F84CF59-BAE0-4B45-8E88-3227F1D0B0D1}.Release|x86.ActiveCfg = Release|Win32
		{0F84CF59-BAE0-4B45-8E88-3227F1D0B0D1}.Release|x86.Build.0 = Release|Win32
		{F86F6E9F-57B4-4B4F-8E1A-A0DA67BBE6AD}.Debug|x64.ActiveCfg = Debug|x64
		{F86F6E9F-57B4-4B4F-8E1A-A0DA67BBE6AD}.Debug|x64.Build.0 = Debug|x64
		{F86F6E9F-57B4-4B4F-8E1A-A0DA67BBE6AD}.Debug|x86.ActiveCfg = Debug|Win32
		{F86F6E9F-57B4-4B4F-8E1A-A0DA67BBE6AD}.Debug|x86.Build.0 = Debug|Win32
		{F86F6E9F-57B4-4B4F-8E1A-A0DA67BBE6AD}.Release|x64.ActiveCfg = Release|x64
		{F86F6E9F-57B4-4B4F-8E1A-A0DA67BBE6AD}.Release|x64.Build.0 = Release|x64
		{F86F6E9F-57B4-4B4F-8E1A-A0DA67BBE6AD}.Release|x86.ActiveCfg = Release|Win32
		{F86F6E9F-57B4-4B4F-8E1A-A0DA67BBE6AD}.Release|x86.Build.0 = Release|Win32
		{0EE650E3-2879-4D6F-8D46-7FDF3D0CCA31}.Debug|x64.ActiveCfg = Debug|x64
		{0EE650E3-2879-4D6F-8D46-7FDF3D0CCA31}.Debug|x64.Build.0 = Debug|x64
		{0EE650E3-2879-4D6F-8D46-7FDF3D0CCA31}.Debug|x86.ActiveCfg = Debug|Win32
		{0EE650E3-2879-4D6F-8D46-7FDF3D0CCA31}.Debug|x86.Build.0 = Debug|Win32
		{0EE650E3-2879-4D6F-8D46-7FDF3D0CCA31}.Release|x64.ActiveCfg = Release|x64
		{0EE650E3-2879-4D6F-8D46-7FDF3D0CCA31}.Release|x64.Build.0 = Release|x64
		{0EE650E3-2879-4D6F-8D46-7FDF3D0CCA31}.Release|x86.ActiveCfg = Release|Win32
		{0EE650E3-2879-4D6F-8D46-7FDF3D0CCA31}.Release|x86.Build.0 = Release|Win32
		{0FED0704-8EA1-4A46-BAD4-53553A79BF5E}.Debug|x64.ActiveCfg = Debug|x64
		{0FED0704-8EA1-4A46-BAD4-53553A79BF5E}.Debug|x64.Build.0 = Debug|x64
		{0FED0704-8EA1-4A46-BAD4-53553A79BF5E}.Debug|x86.ActiveCfg = Debug|Win32
		{0FED0704-8EA1-4A46-BAD4-53553A79BF5E}.Debug|x86.Build.0 = Debug|Win32
		{0FED0704-8EA1-4A46-BAD4-53553A79BF5E}.Release|x64.ActiveCfg = Release|x64
		{0FED0704-8EA1-4A46-BAD4-53553A79BF5E}.Release|x64.Build.0 = Release|x64
		{0FED0704-8EA1-4A46-BAD4-53553A79BF5E}.Release|x86.ActiveCfg = Release|Win32
		{0FED0704-8EA1-4A46-BAD4-53553A79BF5E}.Release|x86.Build.0 = Release|Win32
	EndGlobalSection
	GlobalSection(SolutionProperties) = preSolution
		HideSolutionNode = FALSE
	EndGlobalSection
	GlobalSection(ExtensibilityGlobals) = postSolution
		SolutionGuid = {F568B5C1-7779-41C5-A637-7E9B21DFF900}
	EndGlobalSection
EndGlobal
